{
  "version": 4,
  "terraform_version": "1.15.9",
  "serial": 48,
  "lineage": "8164c7cb-3f51-0398-3203-7cf48f13a942",
  "outputs": {
    "container_app_environment_static_ip": {
      "value": "20.44.62.236",
      "type": "string"
    },
    "custom_domain_url": {
      "value": "https://akashcreations.com",
      "type": "string"
    }
  },
  "resources": [
    {
      "mode": "data",
      "type": "azurerm_resource_group",
      "name": "rg",
      "provider": "provider[\"registry.terraform.io/hashicorp/azurerm\"]",
      "instances": [
        {
          "schema_version": 0,
          "attributes": {
            "id": "/subscriptions/c8cc91d8-eb93-4053-859a-1e14aa00ec98/resourceGroups/akash",
            "location": "southindia",
            "managed_by": "",
            "name": "akash",
            "tags": {},
            "timeouts": null
          },
          "sensitive_attributes": [],
          "identity_schema_version": 0
        }
      ]
    },
    {
      "mode": "managed",
      "type": "azurerm_container_app",
      "name": "app",
      "provider": "provider[\"registry.terraform.io/hashicorp/azurerm\"]",
      "instances": []
    },
    {
      "mode": "managed",
      "type": "azurerm_container_app_environment",
      "name": "environment",
      "provider": "provider[\"registry.terraform.io/hashicorp/azurerm\"]",
      "instances": [
        {
          "schema_version": 0,
          "attributes": {
            "custom_domain_verification_id": "F3D37EC19A50E2C62BB20FA3B8CC5A23E5F922FE5864913DF4D2D23A68283723",
            "dapr_application_insights_connection_string": "",
            "default_domain": "wonderfulwater-b55ecb5f.southindia.azurecontainerapps.io",
            "docker_bridge_cidr": "",
            "id": "/subscriptions/c8cc91d8-eb93-4053-859a-1e14aa00ec98/resourceGroups/akash/providers/Microsoft.App/managedEnvironments/demo-container-environment",
            "identity": [],
            "infrastructure_resource_group_name": "",
            "infrastructure_subnet_id": "",
            "internal_load_balancer_enabled": false,
            "location": "southindia",
            "log_analytics_workspace_id": "/subscriptions/c8cc91d8-eb93-4053-859a-1e14aa00ec98/resourceGroups/akash/providers/Microsoft.OperationalInsights/workspaces/akashss-container-logs",
            "logs_destination": "log-analytics",
            "mutual_tls_enabled": false,
            "name": "demo-container-environment",
            "platform_reserved_cidr": "",
            "platform_reserved_dns_ip_address": "",
            "public_network_access": "Enabled",
            "resource_group_name": "akash",
            "static_ip_address": "20.44.62.236",
            "tags": {},
            "timeouts": null,
            "workload_profile": [],
            "zone_redundancy_enabled": false
          },
          "sensitive_attributes": [
            [
              {
                "type": "get_attr",
                "value": "dapr_application_insights_connection_string"
              }
            ]
          ],
          "identity_schema_version": 0,
          "private": "eyJlMmJmYjczMC1lY2FhLTExZTYtOGY4OC0zNDM2M2JjN2M0YzAiOnsiY3JlYXRlIjoxODAwMDAwMDAwMDAwLCJkZWxldGUiOjE4MDAwMDAwMDAwMDAsInJlYWQiOjMwMDAwMDAwMDAwMCwidXBkYXRlIjoxODAwMDAwMDAwMDAwfX0=",
          "dependencies": [
            "azurerm_log_analytics_workspace.logs",
            "data.azurerm_resource_group.rg"
          ]
        }
      ]
    },
    {
      "mode": "managed",
      "type": "azurerm_container_app_environment_certificate",
      "name": "custom_domain",
      "provider": "provider[\"registry.terraform.io/hashicorp/azurerm\"]",
      "instances": [
        {
          "index_key": 0,
          "schema_version": 0,
          "attributes": {
            "certificate_blob_base64": "MIIKtAIBAzCCCl4GCSqGSIb3DQEHAaCCCk8EggpLMIIKRzCCBZ4GCSqGSIb3DQEHAaCCBY8EggWLMIIFhzCCBYMGCyqGSIb3DQEMCgECoIIFMDCCBSwwZgYJKoZIhvcNAQUNMFkwOAYJKoZIhvcNAQUMMCsEFItSvXGcEWjzerJQy9PYXjPxcFC4AgInEAIBIDAMBggqhkiG9w0CCQUAMB0GCWCGSAFlAwQBKgQQDYGORaHvwBcVISVNUb8RTQSCBMCdRwE+YQQEf/v+/Nw4L3gqW03b4S2g9JBGWg6Fth/ykD5tJScUt9MLYNDAJx2Pg/DC7f/CEom0ENczijSo1YEDddF6GhrRPXx6JQ5MWo5OuCLWA9piTTY9rDpGgMMAaB4eedwsQyq2R2E0hdRALcDZK/De7SWpjDrtHI6b0n7x2yP9d69eMDMWLsQMvUhURRAyRuTdGzdkm8XLOTyiAF7wzIulyTUaqcdXaHrtu7wb5T9ffTnlKc2vrn0+gUit5xV83Oii8y4h3fzBoeSg9LXZTI9BsWbA2ZTcsvd7QGt/DFKOSs0iNlkz8nfEQqIDxU3OTk4QbkLEqAGAiIOrEuosIMs1ah6O6RvzuoQdjOcXofdPdW8bdpVabB9YLq7t+KXJpYYbSImglV5OotBnUQnoRxH8zCryX3PNyWExDmGA/i7VsmgmHukhcc0534XIR56fGwFjbFH4O/RRfT9FzUCGmUovfq0Ff8w+j6kPFTLzwP6Z/9nOQurgIXngNJ6cQvfrzYkg4kpJBSOkzm5IHS3bsu/r+mxyF8kH0QbsmNXCxgZ31oRgO/DYgUCMYzAedzCwtkPOMI+c6VCTlC0nzJSbquUrCVE6Uacdb1+U2fcik7bp8X3XDDMMNM72MSX+g0d3Ai0FnAAwMl8d7xVfjSr6e6xXTqfz38B5IG7/9K6b1kW6+860bGlQEnOcjTlZYoZzEXUyo2xuGLtVyK0aBSeRCFcougjH3j+8IoWUhT1cpt9PIMqbWC7pFngsMxY4xsMmsFZbI8GA7ICAMMv6rbe0Fwcp7xwXRJT34C9Gp7J2wr13AR6eAJEkj0uZ9v9CmxWmyA1Z1+tEFF85KUO+8bIolGpXjB7OOlvbsm/mj41Bf2UVlbLeMSzzTslo/G1KguJ+86kX0ToZItGvHeqJxDXt1F1sizyVdo27tKHTJU34q2PH/HXMyQ1fo60eMLKTTn+/uxPRbZ/OmkSjp6gH0syWhHS+z8sZx0I36BisbdF3aWVvoh49BEryqAbYMptWCGGOvqoUWsWGb3kTlXTDTkCGHUR0rtw0DtNy5hVwWsfY3FNpcH2iyJ11RvWRm7FmCHGotF1XZQ4YUj2QwzOq1OhG/kcsOWeNbDeDyPSoVjzcL7cW3yEUL2HbSW4+cYi6qgsVncNZ2XSCupKEo+i77HgyqP0UaHpsjwNfpc14gmBgwNXybC8z1XITEHTjtgWC0GZskPlHvp7KVInHzIm2Zf5tupgMTMI4aQufFTchZ+jotCx0dsKD4bKq2KJLDqVeVfHJ527m+8wY2dHhzukPb3BhhaeAbkQMdm6ZI80Xnof+D29lxSay9MVVTieqW3Jixzo93l9LOAPe7psXNC+8Qz/Y6B7Djups958L6MQFCwiX4YwBrGBYGBAT5ZU2n335yuChq4TtfMAwMNB2zfudF2T8j0BuMyGgk0BXopSbZ5vsP2ROJfESvWIz11c+GIqF5iU8knxMIOMg68DObt/LKx6juyi4GNfg7ZzlAyzKXf+AIzXhmiTJFLYUfMCPMZLOZBcB6/0cMobkwW6tCTJWu/NMlBxU4MtfUauRRApStdHUMlX13hBPnE5RBLq7t1XwBUvbPtxJgimm46Do0Z3OJ9BeMUAwGwYJKoZIhvcNAQkUMQ4eDAB0AG8AbQBjAGEAdDAhBgkqhkiG9w0BCRUxFAQSVGltZSAxNzg5MTIxNjkzNTc0MIIEoQYJKoZIhvcNAQcGoIIEkjCCBI4CAQAwggSHBgkqhkiG9w0BBwEwZgYJKoZIhvcNAQUNMFkwOAYJKoZIhvcNAQUMMCsEFHmRtMUu+RXYNA90o+wrHtMOjwDeAgInEAIBIDAMBggqhkiG9w0CCQUAMB0GCWCGSAFlAwQBKgQQCEDHhbzj08rxaw0/zEiyF4CCBBBjFPGZoqUywwczGg8djbOmENSw2kpF8r5UQMLBV7SQzAl54yZ98RfLFkxAG1Ih+XxUtu9kotyUsSI5QOMIVDMRdDfoCx82OPsIk8Sx09Uv+0xKKXVL8nkIrsuHxuivklucYB4DktyhHxEFA5B7KbolzC6NH+GKaIueD4sfB4T7Twm9aV00Q+6eCp+ub6nWkL2OpP/9Cebr2B2K8ZhYbilndCSbIguN31OrE4bHDZcyLUv3roE7euDu/QQbkFIxmnBSm2aa16egfOV+BrsyT4K9lt2A67HdqtKQWO+04WL8YaAQ0EziikrtfGbrTnsAkXbQLYxZpX7npItAnXk9vAo6H6CNTYvGQ/Ghpcb3BFU5WoGeDPoV4Re2ay1dveVxaXnnmj5rv5+cVT6dtU+Gpzq+3E8nyMkazrfSVIrGsQ3S6o8mlHn7gRhLqLDfjV7q23SwZ9YlUasPw5f+2DQqq6IDkmCcA3iEivUAMvE+bcMjJGhXgiriNPXq5Efn+dk+XfD4HTWbpWBcfpAJW4vOfr1N/QEzOkaVppE+sCba+lq7uOiAO7iTUQyDjZZxUT6FRX5Qgrc1DWXRdTP91UnN2oAx9DwjeEsw4oldnZPz0Wr2tAaICUUvIvCfa1RzMdg7TjZZKvYRReYDEXDMwMxztyCLF94Y+GqwSkmVR7+mdtMSNOhru1xVMTbH2RRkPwTHmZYlX+7mYUJk/KmbRwsAEwNDN+QcBu9+aUlvAYoy65ogQbZNgNrFT3T9FcqcOht2+tbOp/8goH+u0zdU/gow7D6IRInRroy/uROaQwmMlPjS9Cxducbf6iVQCJBsq5M7fZTny3cxBaUAs6W24qJZssUQy4wCuRA25VY7n/XssZ1lTL/3EL35B2NxfMAQTa+o+PaVnVuc2loq9KppX00VIQ/RvW9qWpPRwYofqnBKR1jBfP8ndwktxxCYNlJUBVLkw32teDZstAAjyLd4Je3bnFyB2+gkBRsooBzx6pLNNHlH2eAnUOulw8qQRIBvO+FrXZQFkYkY9lqKZ8+Y/xJYdQ1xJdP9FNLHMEwUb8lij4KWUkjUwzgtSNZdwBpdjh/VgDI2latr9l+iSgNyoDEEems2znw34IfWGMWFlQvu+3Is5E4yPn01+H8OKmN4la6gcOMMYhIRz2cXz5Wjr5FXRn8IyPtveGUa6EH7bQWW2QqAq6y0lZE3lLJm1Ov2MYt8ympYuoE0UDNdEXXtD0G0MEMAp2+go/5g9+Z9gCsFl62ilXL7gBV1CYsi8XFneBApUaJLa4sL1uVVcaJ3kad8qH+1J/u8sfYEMDylb2qyGH7dERH83Q7wDNPFboheDdC17hf2GayBH/1G48bxrZIGTFR1F2B7ySX5plZrrM8+maS84jBNMDEwDQYJYIZIAWUDBAIBBQAEIOeGhoUoSyYSClk4l8XYBO3HcxWqHZ15EvkDn4CwHr1/BBTo69f79BvOzQVQm3iKX6PEw4LozgICJxA=",
            "certificate_key_vault": [],
            "certificate_password": "sakshi@599234",
            "container_app_environment_id": "/subscriptions/c8cc91d8-eb93-4053-859a-1e14aa00ec98/resourceGroups/akash/providers/Microsoft.App/managedEnvironments/demo-container-environment",
            "expiration_date": "2027-09-11T09:18:54",
            "id": "/subscriptions/c8cc91d8-eb93-4053-859a-1e14aa00ec98/resourceGroups/akash/providers/Microsoft.App/managedEnvironments/demo-container-environment/certificates/akashcreations-com",
            "issue_date": "2026-09-11T09:18:54",
            "issuer": "CN=akashcreations.com, OU=Development, O=Spring Boot, L=City, S=State, C=US",
            "name": "akashcreations-com",
            "subject_name": "CN=akashcreations.com, OU=Development, O=Spring Boot, L=City, S=State, C=US",
            "tags": null,
            "thumbprint": "577F1E212DC3AA535E31159C07A3C745C8ADC1F0",
            "timeouts": null
          },
          "sensitive_attributes": [
            [
              {
                "type": "get_attr",
                "value": "certificate_password"
              }
            ]
          ],
          "identity_schema_version": 0,
          "private": "eyJlMmJmYjczMC1lY2FhLTExZTYtOGY4OC0zNDM2M2JjN2M0YzAiOnsiY3JlYXRlIjoxODAwMDAwMDAwMDAwLCJkZWxldGUiOjE4MDAwMDAwMDAwMDAsInJlYWQiOjMwMDAwMDAwMDAwMCwidXBkYXRlIjoxODAwMDAwMDAwMDAwfX0=",
          "dependencies": [
            "azurerm_container_app_environment.environment",
            "azurerm_log_analytics_workspace.logs",
            "data.azurerm_resource_group.rg"
          ]
        }
      ]
    },
    {
      "mode": "managed",
      "type": "azurerm_log_analytics_workspace",
      "name": "logs",
      "provider": "provider[\"registry.terraform.io/hashicorp/azurerm\"]",
      "instances": [
        {
          "schema_version": 3,
          "attributes": {
            "allow_resource_only_permissions": true,
            "cmk_for_query_forced": false,
            "daily_quota_gb": -1,
            "data_collection_rule_id": "",
            "id": "/subscriptions/c8cc91d8-eb93-4053-859a-1e14aa00ec98/resourceGroups/akash/providers/Microsoft.OperationalInsights/workspaces/akashss-container-logs",
            "identity": [],
            "immediate_data_purge_on_30_days_enabled": false,
            "internet_ingestion_enabled": true,
            "internet_query_enabled": true,
            "local_authentication_disabled": false,
            "local_authentication_enabled": true,
            "location": "southindia",
            "name": "akashss-container-logs",
            "primary_shared_key": "oqOOECAe9Zz+6X8awuGreDmEngWZbj1NA3S2XODTJmqjT5zrw5XQGWgKXmXBKAYP2puq5z4vhQnqcNlm1IZ21A==",
            "reservation_capacity_in_gb_per_day": null,
            "resource_group_name": "akash",
            "retention_in_days": 30,
            "secondary_shared_key": "jDHruqkMEQgR576OaLLQBOsq91sJ7ufcJwGn29LQjb/8v1ZLo75syxmzvZlGukCe3E4LcMZ1un9gZmX/qe/UJw==",
            "sku": "PerGB2018",
            "tags": {},
            "timeouts": null,
            "workspace_id": "0c1c63f0-fc5f-4eab-b801-30a0d885a7ea"
          },
          "sensitive_attributes": [
            [
              {
                "type": "get_attr",
                "value": "primary_shared_key"
              }
            ],
            [
              {
                "type": "get_attr",
                "value": "secondary_shared_key"
              }
            ]
          ],
          "identity_schema_version": 0,
          "private": "eyJlMmJmYjczMC1lY2FhLTExZTYtOGY4OC0zNDM2M2JjN2M0YzAiOnsiY3JlYXRlIjoxODAwMDAwMDAwMDAwLCJkZWxldGUiOjE4MDAwMDAwMDAwMDAsInJlYWQiOjMwMDAwMDAwMDAwMCwidXBkYXRlIjoxODAwMDAwMDAwMDAwfSwic2NoZW1hX3ZlcnNpb24iOiIzIn0=",
          "dependencies": [
            "data.azurerm_resource_group.rg"
          ]
        }
      ]
    }
  ],
  "check_results": null
}
